
Microsoft Visual Studio Solution File, Format Version 12.00
# Visual Studio 15
VisualStudioVersion = 15.0.28307.572
MinimumVisualStudioVersion = 10.0.40219.1
Project("{FAE04EC0-301F-11D3-BF4B-00C04F79EFBC}") = "ClinkedIn", "ClinkedIn\ClinkedIn.csproj", "{05AEF48D-D8B1-4C70-80A3-2865D7893445}"
EndProject
Global
	GlobalSection(SolutionConfigurationPlatforms) = preSolution
		Debug|Any CPU = Debug|Any CPU
		Release|Any CPU = Release|Any CPU
	EndGlobalSection
	GlobalSection(ProjectConfigurationPlatforms) = postSolution
		{05AEF48D-D8B1-4C70-80A3-2865D7893445}.Debug|Any CPU.ActiveCfg = Debug|Any CPU
		{05AEF48D-D8B1-4C70-80A3-2865D7893445}.Debug|Any CPU.Build.0 = Debug|Any CPU
		{05AEF48D-D8B1-4C70-80A3-2865D7893445}.Release|Any CPU.ActiveCfg = Release|Any CPU
		{05AEF48D-D8B1-4C70-80A3-2865D7893445}.Release|Any CPU.Build.0 = Release|Any CPU
	EndGlobalSection
	GlobalSection(SolutionProperties) = preSolution
		HideSolutionNode = FALSE
	EndGlobalSection
	GlobalSection(ExtensibilityGlobals) = postSolution
		SolutionGuid = {2118FB48-1E2E-4E0E-A3CF-1BE65CB00C38}
	EndGlobalSection
EndGlobal
